
Microsoft Visual Studio Solution File, Format Version 12.00
# Visual Studio Version 17
VisualStudioVersion = 17.1.32328.378
MinimumVisualStudioVersion = 10.0.40219.1
Project("{FAE04EC0-301F-11D3-BF4B-00C04F79EFBC}") = "LinqAssignment", "LinqAssignment.csproj", "{49DECC0E-4FF9-4A87-A664-C6AEA2CEAD4E}"
EndProject
Global
	GlobalSection(SolutionConfigurationPlatforms) = preSolution
		Debug|Any CPU = Debug|Any CPU
		Release|Any CPU = Release|Any CPU
	EndGlobalSection
	GlobalSection(ProjectConfigurationPlatforms) = postSolution
		{49DECC0E-4FF9-4A87-A664-C6AEA2CEAD4E}.Debug|Any CPU.ActiveCfg = Debug|Any CPU
		{49DECC0E-4FF9-4A87-A664-C6AEA2CEAD4E}.Debug|Any CPU.Build.0 = Debug|Any CPU
		{49DECC0E-4FF9-4A87-A664-C6AEA2CEAD4E}.Release|Any CPU.ActiveCfg = Release|Any CPU
		{49DECC0E-4FF9-4A87-A664-C6AEA2CEAD4E}.Release|Any CPU.Build.0 = Release|Any CPU
	EndGlobalSection
	GlobalSection(SolutionProperties) = preSolution
		HideSolutionNode = FALSE
	EndGlobalSection
	GlobalSection(ExtensibilityGlobals) = postSolution
		SolutionGuid = {4D5D5AA9-A707-4BC8-937F-5DBC7667BE35}
	EndGlobalSection
EndGlobal
